
Microsoft Visual Studio Solution File, Format Version 11.00
# Visual Studio 2010
Project("{2150E333-8FDC-42A3-9474-1A3956D46DE8}") = "SolutionItems", "SolutionItems", "{6F48924F-C2DB-4A18-B77B-A8474A468456}"
	ProjectSection(SolutionItems) = preProject
		build.bat = build.bat
		Filestream-Notes.txt = Filestream-Notes.txt
		Gen.bat = Gen.bat
		updateDB.bat = updateDB.bat
	EndProjectSection
EndProject
Project("{FAE04EC0-301F-11D3-BF4B-00C04F79EFBC}") = "Generator", "Generator\Generator.csproj", "{E40B313E-1001-41D6-825F-F87B3CB68E2F}"
EndProject
Project("{FAE04EC0-301F-11D3-BF4B-00C04F79EFBC}") = "KnowYourTurf.Web", "KnowYourTurf.Web\KnowYourTurf.Web.csproj", "{67429FBB-EAAC-4E70-A9B5-9591E8E3BCD2}"
EndProject
Project("{FAE04EC0-301F-11D3-BF4B-00C04F79EFBC}") = "KnowYourTurf.Tests", "KnowYourTurf.Tests\KnowYourTurf.Tests.csproj", "{C50EBA4F-FDC0-45E9-ADEA-9AA109B690CA}"
EndProject
Project("{FAE04EC0-301F-11D3-BF4B-00C04F79EFBC}") = "KnowYourTurf.Core", "KnowYourTurf.Core\KnowYourTurf.Core.csproj", "{3CBC320B-ECD3-4A3C-A6A3-704A23E6D1D7}"
EndProject
Project("{FAE04EC0-301F-11D3-BF4B-00C04F79EFBC}") = "AbstractTestProject", "AbstractTestProject\AbstractTestProject.csproj", "{C1B9B3FB-AF1A-43AD-8C11-A8791175B289}"
EndProject
Project("{FAE04EC0-301F-11D3-BF4B-00C04F79EFBC}") = "KnowYourTurf.EmailTask", "KnowYourTurf.EmailTask\KnowYourTurf.EmailTask.csproj", "{D85756A5-0A82-4AAD-9B2F-9B3C2ECFA546}"
EndProject
Project("{FAE04EC0-301F-11D3-BF4B-00C04F79EFBC}") = "KnowYourTurf.WeatherTask", "KnowYourTurf.WeatherTask\KnowYourTurf.WeatherTask.csproj", "{AC2D48EB-3CCA-46BB-A0F4-28890767F178}"
EndProject
Project("{2150E333-8FDC-42A3-9474-1A3956D46DE8}") = "CannibalCoder", "CannibalCoder", "{C169DC86-24AE-46AD-A6FC-258E8BFCC308}"
EndProject
Project("{FAE04EC0-301F-11D3-BF4B-00C04F79EFBC}") = "CC.Core", "..\CannibalCoder\CC.Core\CC.Core.csproj", "{5E0B0CA2-BD5E-4953-A336-2AADC00CD81B}"
EndProject
Project("{FAE04EC0-301F-11D3-BF4B-00C04F79EFBC}") = "CC.Core.Utilities", "..\CannibalCoder\CC.Core.Utils\CC.Core.Utilities.csproj", "{54970D60-6123-4227-9C72-04CA09BAF7B9}"
EndProject
Project("{FAE04EC0-301F-11D3-BF4B-00C04F79EFBC}") = "CC.Security", "..\CannibalCoder\CC.Security\CC.Security.csproj", "{DBA372FE-3D52-45B3-AF82-B37696328764}"
EndProject
Project("{FAE04EC0-301F-11D3-BF4B-00C04F79EFBC}") = "CC.UI.Helpers", "..\CannibalCoder\CC.UI.Helpers\CC.UI.Helpers.csproj", "{0DBFB19C-E106-4807-AA4B-FC8D128A3438}"
EndProject
Project("{FAE04EC0-301F-11D3-BF4B-00C04F79EFBC}") = "HtmlTags", "..\CannibalCoder\HtmlTags\HtmlTags\HtmlTags.csproj", "{F01C84F2-6E41-404C-AC8D-BF189A9EC05B}"
EndProject
Project("{2150E333-8FDC-42A3-9474-1A3956D46DE8}") = "ConsoleApps", "ConsoleApps", "{F7C8C93D-0C96-4315-A654-E0E19D78EBF1}"
EndProject
Project("{FAE04EC0-301F-11D3-BF4B-00C04F79EFBC}") = "DBFluentMigration", "DBFluentMigration\DBFluentMigration.csproj", "{BD319DCA-9D65-4D7B-AAAD-B6A0C2838593}"
EndProject
Global
	GlobalSection(SolutionConfigurationPlatforms) = preSolution
		Debug|Any CPU = Debug|Any CPU
		Debug|Mixed Platforms = Debug|Mixed Platforms
		Debug|x86 = Debug|x86
		Release|Any CPU = Release|Any CPU
		Release|Mixed Platforms = Release|Mixed Platforms
		Release|x86 = Release|x86
	EndGlobalSection
	GlobalSection(ProjectConfigurationPlatforms) = postSolution
		{E40B313E-1001-41D6-825F-F87B3CB68E2F}.Debug|Any CPU.ActiveCfg = Debug|Any CPU
		{E40B313E-1001-41D6-825F-F87B3CB68E2F}.Debug|Any CPU.Build.0 = Debug|Any CPU
		{E40B313E-1001-41D6-825F-F87B3CB68E2F}.Debug|Mixed Platforms.ActiveCfg = Debug|Any CPU
		{E40B313E-1001-41D6-825F-F87B3CB68E2F}.Debug|Mixed Platforms.Build.0 = Debug|Any CPU
		{E40B313E-1001-41D6-825F-F87B3CB68E2F}.Debug|x86.ActiveCfg = Debug|Any CPU
		{E40B313E-1001-41D6-825F-F87B3CB68E2F}.Release|Any CPU.ActiveCfg = Release|Any CPU
		{E40B313E-1001-41D6-825F-F87B3CB68E2F}.Release|Any CPU.Build.0 = Release|Any CPU
		{E40B313E-1001-41D6-825F-F87B3CB68E2F}.Release|Mixed Platforms.ActiveCfg = Release|Any CPU
		{E40B313E-1001-41D6-825F-F87B3CB68E2F}.Release|Mixed Platforms.Build.0 = Release|Any CPU
		{E40B313E-1001-41D6-825F-F87B3CB68E2F}.Release|x86.ActiveCfg = Release|Any CPU
		{67429FBB-EAAC-4E70-A9B5-9591E8E3BCD2}.Debug|Any CPU.ActiveCfg = Debug|Any CPU
		{67429FBB-EAAC-4E70-A9B5-9591E8E3BCD2}.Debug|Any CPU.Build.0 = Debug|Any CPU
		{67429FBB-EAAC-4E70-A9B5-9591E8E3BCD2}.Debug|Mixed Platforms.ActiveCfg = Debug|Any CPU
		{67429FBB-EAAC-4E70-A9B5-9591E8E3BCD2}.Debug|Mixed Platforms.Build.0 = Debug|Any CPU
		{67429FBB-EAAC-4E70-A9B5-9591E8E3BCD2}.Debug|x86.ActiveCfg = Debug|Any CPU
		{67429FBB-EAAC-4E70-A9B5-9591E8E3BCD2}.Release|Any CPU.ActiveCfg = Release|Any CPU
		{67429FBB-EAAC-4E70-A9B5-9591E8E3BCD2}.Release|Any CPU.Build.0 = Release|Any CPU
		{67429FBB-EAAC-4E70-A9B5-9591E8E3BCD2}.Release|Mixed Platforms.ActiveCfg = Release|Any CPU
		{67429FBB-EAAC-4E70-A9B5-9591E8E3BCD2}.Release|Mixed Platforms.Build.0 = Release|Any CPU
		{67429FBB-EAAC-4E70-A9B5-9591E8E3BCD2}.Release|x86.ActiveCfg = Release|Any CPU
		{C50EBA4F-FDC0-45E9-ADEA-9AA109B690CA}.Debug|Any CPU.ActiveCfg = Debug|Any CPU
		{C50EBA4F-FDC0-45E9-ADEA-9AA109B690CA}.Debug|Any CPU.Build.0 = Debug|Any CPU
		{C50EBA4F-FDC0-45E9-ADEA-9AA109B690CA}.Debug|Mixed Platforms.ActiveCfg = Debug|Any CPU
		{C50EBA4F-FDC0-45E9-ADEA-9AA109B690CA}.Debug|Mixed Platforms.Build.0 = Debug|Any CPU
		{C50EBA4F-FDC0-45E9-ADEA-9AA109B690CA}.Debug|x86.ActiveCfg = Debug|Any CPU
		{C50EBA4F-FDC0-45E9-ADEA-9AA109B690CA}.Release|Any CPU.ActiveCfg = Release|Any CPU
		{C50EBA4F-FDC0-45E9-ADEA-9AA109B690CA}.Release|Any CPU.Build.0 = Release|Any CPU
		{C50EBA4F-FDC0-45E9-ADEA-9AA109B690CA}.Release|Mixed Platforms.ActiveCfg = Release|Any CPU
		{C50EBA4F-FDC0-45E9-ADEA-9AA109B690CA}.Release|Mixed Platforms.Build.0 = Release|Any CPU
		{C50EBA4F-FDC0-45E9-ADEA-9AA109B690CA}.Release|x86.ActiveCfg = Release|Any CPU
		{3CBC320B-ECD3-4A3C-A6A3-704A23E6D1D7}.Debug|Any CPU.ActiveCfg = Debug|Any CPU
		{3CBC320B-ECD3-4A3C-A6A3-704A23E6D1D7}.Debug|Any CPU.Build.0 = Debug|Any CPU
		{3CBC320B-ECD3-4A3C-A6A3-704A23E6D1D7}.Debug|Mixed Platforms.ActiveCfg = Debug|Any CPU
		{3CBC320B-ECD3-4A3C-A6A3-704A23E6D1D7}.Debug|Mixed Platforms.Build.0 = Debug|Any CPU
		{3CBC320B-ECD3-4A3C-A6A3-704A23E6D1D7}.Debug|x86.ActiveCfg = Debug|Any CPU
		{3CBC320B-ECD3-4A3C-A6A3-704A23E6D1D7}.Release|Any CPU.ActiveCfg = Release|Any CPU
		{3CBC320B-ECD3-4A3C-A6A3-704A23E6D1D7}.Release|Any CPU.Build.0 = Release|Any CPU
		{3CBC320B-ECD3-4A3C-A6A3-704A23E6D1D7}.Release|Mixed Platforms.ActiveCfg = Release|Any CPU
		{3CBC320B-ECD3-4A3C-A6A3-704A23E6D1D7}.Release|Mixed Platforms.Build.0 = Release|Any CPU
		{3CBC320B-ECD3-4A3C-A6A3-704A23E6D1D7}.Release|x86.ActiveCfg = Release|Any CPU
		{C1B9B3FB-AF1A-43AD-8C11-A8791175B289}.Debug|Any CPU.ActiveCfg = Debug|Any CPU
		{C1B9B3FB-AF1A-43AD-8C11-A8791175B289}.Debug|Any CPU.Build.0 = Debug|Any CPU
		{C1B9B3FB-AF1A-43AD-8C11-A8791175B289}.Debug|Mixed Platforms.ActiveCfg = Debug|Any CPU
		{C1B9B3FB-AF1A-43AD-8C11-A8791175B289}.Debug|Mixed Platforms.Build.0 = Debug|Any CPU
		{C1B9B3FB-AF1A-43AD-8C11-A8791175B289}.Debug|x86.ActiveCfg = Debug|Any CPU
		{C1B9B3FB-AF1A-43AD-8C11-A8791175B289}.Release|Any CPU.ActiveCfg = Release|Any CPU
		{C1B9B3FB-AF1A-43AD-8C11-A8791175B289}.Release|Any CPU.Build.0 = Release|Any CPU
		{C1B9B3FB-AF1A-43AD-8C11-A8791175B289}.Release|Mixed Platforms.ActiveCfg = Release|Any CPU
		{C1B9B3FB-AF1A-43AD-8C11-A8791175B289}.Release|Mixed Platforms.Build.0 = Release|Any CPU
		{C1B9B3FB-AF1A-43AD-8C11-A8791175B289}.Release|x86.ActiveCfg = Release|Any CPU
		{D85756A5-0A82-4AAD-9B2F-9B3C2ECFA546}.Debug|Any CPU.ActiveCfg = Debug|x86
		{D85756A5-0A82-4AAD-9B2F-9B3C2ECFA546}.Debug|Any CPU.Build.0 = Debug|x86
		{D85756A5-0A82-4AAD-9B2F-9B3C2ECFA546}.Debug|Mixed Platforms.ActiveCfg = Debug|x86
		{D85756A5-0A82-4AAD-9B2F-9B3C2ECFA546}.Debug|Mixed Platforms.Build.0 = Debug|x86
		{D85756A5-0A82-4AAD-9B2F-9B3C2ECFA546}.Debug|x86.ActiveCfg = Debug|x86
		{D85756A5-0A82-4AAD-9B2F-9B3C2ECFA546}.Debug|x86.Build.0 = Debug|x86
		{D85756A5-0A82-4AAD-9B2F-9B3C2ECFA546}.Release|Any CPU.ActiveCfg = Release|x86
		{D85756A5-0A82-4AAD-9B2F-9B3C2ECFA546}.Release|Mixed Platforms.ActiveCfg = Release|x86
		{D85756A5-0A82-4AAD-9B2F-9B3C2ECFA546}.Release|Mixed Platforms.Build.0 = Release|x86
		{D85756A5-0A82-4AAD-9B2F-9B3C2ECFA546}.Release|x86.ActiveCfg = Release|x86
		{D85756A5-0A82-4AAD-9B2F-9B3C2ECFA546}.Release|x86.Build.0 = Release|x86
		{AC2D48EB-3CCA-46BB-A0F4-28890767F178}.Debug|Any CPU.ActiveCfg = Debug|x86
		{AC2D48EB-3CCA-46BB-A0F4-28890767F178}.Debug|Any CPU.Build.0 = Debug|x86
		{AC2D48EB-3CCA-46BB-A0F4-28890767F178}.Debug|Mixed Platforms.ActiveCfg = Debug|x86
		{AC2D48EB-3CCA-46BB-A0F4-28890767F178}.Debug|Mixed Platforms.Build.0 = Debug|x86
		{AC2D48EB-3CCA-46BB-A0F4-28890767F178}.Debug|x86.ActiveCfg = Debug|x86
		{AC2D48EB-3CCA-46BB-A0F4-28890767F178}.Debug|x86.Build.0 = Debug|x86
		{AC2D48EB-3CCA-46BB-A0F4-28890767F178}.Release|Any CPU.ActiveCfg = Release|x86
		{AC2D48EB-3CCA-46BB-A0F4-28890767F178}.Release|Mixed Platforms.ActiveCfg = Release|x86
		{AC2D48EB-3CCA-46BB-A0F4-28890767F178}.Release|Mixed Platforms.Build.0 = Release|x86
		{AC2D48EB-3CCA-46BB-A0F4-28890767F178}.Release|x86.ActiveCfg = Release|x86
		{AC2D48EB-3CCA-46BB-A0F4-28890767F178}.Release|x86.Build.0 = Release|x86
		{5E0B0CA2-BD5E-4953-A336-2AADC00CD81B}.Debug|Any CPU.ActiveCfg = Debug|Any CPU
		{5E0B0CA2-BD5E-4953-A336-2AADC00CD81B}.Debug|Any CPU.Build.0 = Debug|Any CPU
		{5E0B0CA2-BD5E-4953-A336-2AADC00CD81B}.Debug|Mixed Platforms.ActiveCfg = Debug|Any CPU
		{5E0B0CA2-BD5E-4953-A336-2AADC00CD81B}.Debug|Mixed Platforms.Build.0 = Debug|Any CPU
		{5E0B0CA2-BD5E-4953-A336-2AADC00CD81B}.Debug|x86.ActiveCfg = Debug|Any CPU
		{5E0B0CA2-BD5E-4953-A336-2AADC00CD81B}.Release|Any CPU.ActiveCfg = Release|Any CPU
		{5E0B0CA2-BD5E-4953-A336-2AADC00CD81B}.Release|Any CPU.Build.0 = Release|Any CPU
		{5E0B0CA2-BD5E-4953-A336-2AADC00CD81B}.Release|Mixed Platforms.ActiveCfg = Release|Any CPU
		{5E0B0CA2-BD5E-4953-A336-2AADC00CD81B}.Release|Mixed Platforms.Build.0 = Release|Any CPU
		{5E0B0CA2-BD5E-4953-A336-2AADC00CD81B}.Release|x86.ActiveCfg = Release|Any CPU
		{54970D60-6123-4227-9C72-04CA09BAF7B9}.Debug|Any CPU.ActiveCfg = Debug|Any CPU
		{54970D60-6123-4227-9C72-04CA09BAF7B9}.Debug|Any CPU.Build.0 = Debug|Any CPU
		{54970D60-6123-4227-9C72-04CA09BAF7B9}.Debug|Mixed Platforms.ActiveCfg = Debug|Any CPU
		{54970D60-6123-4227-9C72-04CA09BAF7B9}.Debug|Mixed Platforms.Build.0 = Debug|Any CPU
		{54970D60-6123-4227-9C72-04CA09BAF7B9}.Debug|x86.ActiveCfg = Debug|Any CPU
		{54970D60-6123-4227-9C72-04CA09BAF7B9}.Release|Any CPU.ActiveCfg = Release|Any CPU
		{54970D60-6123-4227-9C72-04CA09BAF7B9}.Release|Any CPU.Build.0 = Release|Any CPU
		{54970D60-6123-4227-9C72-04CA09BAF7B9}.Release|Mixed Platforms.ActiveCfg = Release|Any CPU
		{54970D60-6123-4227-9C72-04CA09BAF7B9}.Release|Mixed Platforms.Build.0 = Release|Any CPU
		{54970D60-6123-4227-9C72-04CA09BAF7B9}.Release|x86.ActiveCfg = Release|Any CPU
		{DBA372FE-3D52-45B3-AF82-B37696328764}.Debug|Any CPU.ActiveCfg = Debug|Any CPU
		{DBA372FE-3D52-45B3-AF82-B37696328764}.Debug|Any CPU.Build.0 = Debug|Any CPU
		{DBA372FE-3D52-45B3-AF82-B37696328764}.Debug|Mixed Platforms.ActiveCfg = Debug|Any CPU
		{DBA372FE-3D52-45B3-AF82-B37696328764}.Debug|Mixed Platforms.Build.0 = Debug|Any CPU
		{DBA372FE-3D52-45B3-AF82-B37696328764}.Debug|x86.ActiveCfg = Debug|Any CPU
		{DBA372FE-3D52-45B3-AF82-B37696328764}.Release|Any CPU.ActiveCfg = Release|Any CPU
		{DBA372FE-3D52-45B3-AF82-B37696328764}.Release|Any CPU.Build.0 = Release|Any CPU
		{DBA372FE-3D52-45B3-AF82-B37696328764}.Release|Mixed Platforms.ActiveCfg = Release|Any CPU
		{DBA372FE-3D52-45B3-AF82-B37696328764}.Release|Mixed Platforms.Build.0 = Release|Any CPU
		{DBA372FE-3D52-45B3-AF82-B37696328764}.Release|x86.ActiveCfg = Release|Any CPU
		{0DBFB19C-E106-4807-AA4B-FC8D128A3438}.Debug|Any CPU.ActiveCfg = Debug|Any CPU
		{0DBFB19C-E106-4807-AA4B-FC8D128A3438}.Debug|Any CPU.Build.0 = Debug|Any CPU
		{0DBFB19C-E106-4807-AA4B-FC8D128A3438}.Debug|Mixed Platforms.ActiveCfg = Debug|Any CPU
		{0DBFB19C-E106-4807-AA4B-FC8D128A3438}.Debug|Mixed Platforms.Build.0 = Debug|Any CPU
		{0DBFB19C-E106-4807-AA4B-FC8D128A3438}.Debug|x86.ActiveCfg = Debug|Any CPU
		{0DBFB19C-E106-4807-AA4B-FC8D128A3438}.Release|Any CPU.ActiveCfg = Release|Any CPU
		{0DBFB19C-E106-4807-AA4B-FC8D128A3438}.Release|Any CPU.Build.0 = Release|Any CPU
		{0DBFB19C-E106-4807-AA4B-FC8D128A3438}.Release|Mixed Platforms.ActiveCfg = Release|Any CPU
		{0DBFB19C-E106-4807-AA4B-FC8D128A3438}.Release|Mixed Platforms.Build.0 = Release|Any CPU
		{0DBFB19C-E106-4807-AA4B-FC8D128A3438}.Release|x86.ActiveCfg = Release|Any CPU
		{F01C84F2-6E41-404C-AC8D-BF189A9EC05B}.Debug|Any CPU.ActiveCfg = Debug|Any CPU
		{F01C84F2-6E41-404C-AC8D-BF189A9EC05B}.Debug|Any CPU.Build.0 = Debug|Any CPU
		{F01C84F2-6E41-404C-AC8D-BF189A9EC05B}.Debug|Mixed Platforms.ActiveCfg = Debug|Any CPU
		{F01C84F2-6E41-404C-AC8D-BF189A9EC05B}.Debug|Mixed Platforms.Build.0 = Debug|Any CPU
		{F01C84F2-6E41-404C-AC8D-BF189A9EC05B}.Debug|x86.ActiveCfg = Debug|Any CPU
		{F01C84F2-6E41-404C-AC8D-BF189A9EC05B}.Release|Any CPU.ActiveCfg = Release|Any CPU
		{F01C84F2-6E41-404C-AC8D-BF189A9EC05B}.Release|Any CPU.Build.0 = Release|Any CPU
		{F01C84F2-6E41-404C-AC8D-BF189A9EC05B}.Release|Mixed Platforms.ActiveCfg = Release|Any CPU
		{F01C84F2-6E41-404C-AC8D-BF189A9EC05B}.Release|Mixed Platforms.Build.0 = Release|Any CPU
		{F01C84F2-6E41-404C-AC8D-BF189A9EC05B}.Release|x86.ActiveCfg = Release|Any CPU
		{BD319DCA-9D65-4D7B-AAAD-B6A0C2838593}.Debug|Any CPU.ActiveCfg = Debug|Any CPU
		{BD319DCA-9D65-4D7B-AAAD-B6A0C2838593}.Debug|Any CPU.Build.0 = Debug|Any CPU
		{BD319DCA-9D65-4D7B-AAAD-B6A0C2838593}.Debug|Mixed Platforms.ActiveCfg = Debug|Any CPU
		{BD319DCA-9D65-4D7B-AAAD-B6A0C2838593}.Debug|Mixed Platforms.Build.0 = Debug|Any CPU
		{BD319DCA-9D65-4D7B-AAAD-B6A0C2838593}.Debug|x86.ActiveCfg = Debug|Any CPU
		{BD319DCA-9D65-4D7B-AAAD-B6A0C2838593}.Release|Any CPU.ActiveCfg = Release|Any CPU
		{BD319DCA-9D65-4D7B-AAAD-B6A0C2838593}.Release|Any CPU.Build.0 = Release|Any CPU
		{BD319DCA-9D65-4D7B-AAAD-B6A0C2838593}.Release|Mixed Platforms.ActiveCfg = Release|Any CPU
		{BD319DCA-9D65-4D7B-AAAD-B6A0C2838593}.Release|Mixed Platforms.Build.0 = Release|Any CPU
		{BD319DCA-9D65-4D7B-AAAD-B6A0C2838593}.Release|x86.ActiveCfg = Release|Any CPU
	EndGlobalSection
	GlobalSection(SolutionProperties) = preSolution
		HideSolutionNode = FALSE
	EndGlobalSection
	GlobalSection(NestedProjects) = preSolution
		{D85756A5-0A82-4AAD-9B2F-9B3C2ECFA546} = {F7C8C93D-0C96-4315-A654-E0E19D78EBF1}
		{AC2D48EB-3CCA-46BB-A0F4-28890767F178} = {F7C8C93D-0C96-4315-A654-E0E19D78EBF1}
		{E40B313E-1001-41D6-825F-F87B3CB68E2F} = {F7C8C93D-0C96-4315-A654-E0E19D78EBF1}
		{BD319DCA-9D65-4D7B-AAAD-B6A0C2838593} = {F7C8C93D-0C96-4315-A654-E0E19D78EBF1}
		{5E0B0CA2-BD5E-4953-A336-2AADC00CD81B} = {C169DC86-24AE-46AD-A6FC-258E8BFCC308}
		{54970D60-6123-4227-9C72-04CA09BAF7B9} = {C169DC86-24AE-46AD-A6FC-258E8BFCC308}
		{DBA372FE-3D52-45B3-AF82-B37696328764} = {C169DC86-24AE-46AD-A6FC-258E8BFCC308}
		{0DBFB19C-E106-4807-AA4B-FC8D128A3438} = {C169DC86-24AE-46AD-A6FC-258E8BFCC308}
		{F01C84F2-6E41-404C-AC8D-BF189A9EC05B} = {C169DC86-24AE-46AD-A6FC-258E8BFCC308}
	EndGlobalSection
EndGlobal
