
Microsoft Visual Studio Solution File, Format Version 12.00
# Visual Studio 2012
Project("{2150E333-8FDC-42A3-9474-1A3956D46DE8}") = "SolutionItems", "SolutionItems", "{6F48924F-C2DB-4A18-B77B-A8474A468456}"
	ProjectSection(SolutionItems) = preProject
		appSettings.config = appSettings.config
		build.bat = build.bat
		build.proj = build.proj
		BuildForRelease.proj = BuildForRelease.proj
		connectionStrings.config = connectionStrings.config
		Filestream-Notes.txt = Filestream-Notes.txt
		Gen.bat = Gen.bat
		updateDBCC.bat = updateDBCC.bat
		updateDBLocal.bat = updateDBLocal.bat
	EndProjectSection
EndProject
Project("{2150E333-8FDC-42A3-9474-1A3956D46DE8}") = "ConsoleApps", "ConsoleApps", "{F7C8C93D-0C96-4315-A654-E0E19D78EBF1}"
EndProject
Project("{FAE04EC0-301F-11D3-BF4B-00C04F79EFBC}") = "Generator", "Generator\Generator.csproj", "{E40B313E-1001-41D6-825F-F87B3CB68E2F}"
EndProject
Project("{FAE04EC0-301F-11D3-BF4B-00C04F79EFBC}") = "KnowYourTurf.Web", "KnowYourTurf.Web\KnowYourTurf.Web.csproj", "{67429FBB-EAAC-4E70-A9B5-9591E8E3BCD2}"
EndProject
Project("{FAE04EC0-301F-11D3-BF4B-00C04F79EFBC}") = "KnowYourTurf.Tests", "KnowYourTurf.Tests\KnowYourTurf.Tests.csproj", "{C50EBA4F-FDC0-45E9-ADEA-9AA109B690CA}"
EndProject
Project("{FAE04EC0-301F-11D3-BF4B-00C04F79EFBC}") = "KnowYourTurf.Core", "KnowYourTurf.Core\KnowYourTurf.Core.csproj", "{3CBC320B-ECD3-4A3C-A6A3-704A23E6D1D7}"
EndProject
Project("{FAE04EC0-301F-11D3-BF4B-00C04F79EFBC}") = "AbstractTestProject", "AbstractTestProject\AbstractTestProject.csproj", "{C1B9B3FB-AF1A-43AD-8C11-A8791175B289}"
EndProject
Project("{FAE04EC0-301F-11D3-BF4B-00C04F79EFBC}") = "KnowYourTurf.EmailTask", "KnowYourTurf.EmailTask\KnowYourTurf.EmailTask.csproj", "{D85756A5-0A82-4AAD-9B2F-9B3C2ECFA546}"
EndProject
Project("{FAE04EC0-301F-11D3-BF4B-00C04F79EFBC}") = "KnowYourTurf.WeatherTask", "KnowYourTurf.WeatherTask\KnowYourTurf.WeatherTask.csproj", "{AC2D48EB-3CCA-46BB-A0F4-28890767F178}"
EndProject
Project("{FAE04EC0-301F-11D3-BF4B-00C04F79EFBC}") = "DBFluentMigration", "DBFluentMigration\DBFluentMigration.csproj", "{BD319DCA-9D65-4D7B-AAAD-B6A0C2838593}"
EndProject
Project("{2150E333-8FDC-42A3-9474-1A3956D46DE8}") = ".build", ".build", "{7EB0E275-59F4-4A5C-B266-E11183D2350D}"
	ProjectSection(SolutionItems) = preProject
		Build.proj = Build.proj
		.build\MSBuild.Community.Tasks.dll = .build\MSBuild.Community.Tasks.dll
		.build\MSBuild.Community.Tasks.targets = .build\MSBuild.Community.Tasks.targets
	EndProjectSection
EndProject
Project("{2150E333-8FDC-42A3-9474-1A3956D46DE8}") = ".nuget", ".nuget", "{4A9AC06B-C4CD-4564-88DF-F6D0EC8852AD}"
	ProjectSection(SolutionItems) = preProject
		.nuget\NuGet.Config = .nuget\NuGet.Config
		.nuget\NuGet.exe = .nuget\NuGet.exe
		.nuget\NuGet.targets = .nuget\NuGet.targets
	EndProjectSection
EndProject
Global
	GlobalSection(SolutionConfigurationPlatforms) = preSolution
		Debug|Any CPU = Debug|Any CPU
		Debug|Mixed Platforms = Debug|Mixed Platforms
		Debug|x86 = Debug|x86
		Release|Any CPU = Release|Any CPU
		Release|Mixed Platforms = Release|Mixed Platforms
		Release|x86 = Release|x86
	EndGlobalSection
	GlobalSection(ProjectConfigurationPlatforms) = postSolution
		{E40B313E-1001-41D6-825F-F87B3CB68E2F}.Debug|Any CPU.ActiveCfg = Debug|Any CPU
		{E40B313E-1001-41D6-825F-F87B3CB68E2F}.Debug|Any CPU.Build.0 = Debug|Any CPU
		{E40B313E-1001-41D6-825F-F87B3CB68E2F}.Debug|Mixed Platforms.ActiveCfg = Debug|Any CPU
		{E40B313E-1001-41D6-825F-F87B3CB68E2F}.Debug|Mixed Platforms.Build.0 = Debug|Any CPU
		{E40B313E-1001-41D6-825F-F87B3CB68E2F}.Debug|x86.ActiveCfg = Debug|Any CPU
		{E40B313E-1001-41D6-825F-F87B3CB68E2F}.Release|Any CPU.ActiveCfg = Release|Any CPU
		{E40B313E-1001-41D6-825F-F87B3CB68E2F}.Release|Any CPU.Build.0 = Release|Any CPU
		{E40B313E-1001-41D6-825F-F87B3CB68E2F}.Release|Mixed Platforms.ActiveCfg = Release|Any CPU
		{E40B313E-1001-41D6-825F-F87B3CB68E2F}.Release|Mixed Platforms.Build.0 = Release|Any CPU
		{E40B313E-1001-41D6-825F-F87B3CB68E2F}.Release|x86.ActiveCfg = Release|Any CPU
		{67429FBB-EAAC-4E70-A9B5-9591E8E3BCD2}.Debug|Any CPU.ActiveCfg = Debug|Any CPU
		{67429FBB-EAAC-4E70-A9B5-9591E8E3BCD2}.Debug|Any CPU.Build.0 = Debug|Any CPU
		{67429FBB-EAAC-4E70-A9B5-9591E8E3BCD2}.Debug|Mixed Platforms.ActiveCfg = Debug|Any CPU
		{67429FBB-EAAC-4E70-A9B5-9591E8E3BCD2}.Debug|Mixed Platforms.Build.0 = Debug|Any CPU
		{67429FBB-EAAC-4E70-A9B5-9591E8E3BCD2}.Debug|x86.ActiveCfg = Debug|Any CPU
		{67429FBB-EAAC-4E70-A9B5-9591E8E3BCD2}.Release|Any CPU.ActiveCfg = Release|Any CPU
		{67429FBB-EAAC-4E70-A9B5-9591E8E3BCD2}.Release|Any CPU.Build.0 = Release|Any CPU
		{67429FBB-EAAC-4E70-A9B5-9591E8E3BCD2}.Release|Mixed Platforms.ActiveCfg = Release|Any CPU
		{67429FBB-EAAC-4E70-A9B5-9591E8E3BCD2}.Release|Mixed Platforms.Build.0 = Release|Any CPU
		{67429FBB-EAAC-4E70-A9B5-9591E8E3BCD2}.Release|x86.ActiveCfg = Release|Any CPU
		{C50EBA4F-FDC0-45E9-ADEA-9AA109B690CA}.Debug|Any CPU.ActiveCfg = Debug|Any CPU
		{C50EBA4F-FDC0-45E9-ADEA-9AA109B690CA}.Debug|Any CPU.Build.0 = Debug|Any CPU
		{C50EBA4F-FDC0-45E9-ADEA-9AA109B690CA}.Debug|Mixed Platforms.ActiveCfg = Debug|Any CPU
		{C50EBA4F-FDC0-45E9-ADEA-9AA109B690CA}.Debug|Mixed Platforms.Build.0 = Debug|Any CPU
		{C50EBA4F-FDC0-45E9-ADEA-9AA109B690CA}.Debug|x86.ActiveCfg = Debug|Any CPU
		{C50EBA4F-FDC0-45E9-ADEA-9AA109B690CA}.Release|Any CPU.ActiveCfg = Release|Any CPU
		{C50EBA4F-FDC0-45E9-ADEA-9AA109B690CA}.Release|Any CPU.Build.0 = Release|Any CPU
		{C50EBA4F-FDC0-45E9-ADEA-9AA109B690CA}.Release|Mixed Platforms.ActiveCfg = Release|Any CPU
		{C50EBA4F-FDC0-45E9-ADEA-9AA109B690CA}.Release|Mixed Platforms.Build.0 = Release|Any CPU
		{C50EBA4F-FDC0-45E9-ADEA-9AA109B690CA}.Release|x86.ActiveCfg = Release|Any CPU
		{3CBC320B-ECD3-4A3C-A6A3-704A23E6D1D7}.Debug|Any CPU.ActiveCfg = Debug|Any CPU
		{3CBC320B-ECD3-4A3C-A6A3-704A23E6D1D7}.Debug|Any CPU.Build.0 = Debug|Any CPU
		{3CBC320B-ECD3-4A3C-A6A3-704A23E6D1D7}.Debug|Mixed Platforms.ActiveCfg = Debug|Any CPU
		{3CBC320B-ECD3-4A3C-A6A3-704A23E6D1D7}.Debug|Mixed Platforms.Build.0 = Debug|Any CPU
		{3CBC320B-ECD3-4A3C-A6A3-704A23E6D1D7}.Debug|x86.ActiveCfg = Debug|Any CPU
		{3CBC320B-ECD3-4A3C-A6A3-704A23E6D1D7}.Release|Any CPU.ActiveCfg = Release|Any CPU
		{3CBC320B-ECD3-4A3C-A6A3-704A23E6D1D7}.Release|Any CPU.Build.0 = Release|Any CPU
		{3CBC320B-ECD3-4A3C-A6A3-704A23E6D1D7}.Release|Mixed Platforms.ActiveCfg = Release|Any CPU
		{3CBC320B-ECD3-4A3C-A6A3-704A23E6D1D7}.Release|Mixed Platforms.Build.0 = Release|Any CPU
		{3CBC320B-ECD3-4A3C-A6A3-704A23E6D1D7}.Release|x86.ActiveCfg = Release|Any CPU
		{C1B9B3FB-AF1A-43AD-8C11-A8791175B289}.Debug|Any CPU.ActiveCfg = Debug|Any CPU
		{C1B9B3FB-AF1A-43AD-8C11-A8791175B289}.Debug|Any CPU.Build.0 = Debug|Any CPU
		{C1B9B3FB-AF1A-43AD-8C11-A8791175B289}.Debug|Mixed Platforms.ActiveCfg = Debug|Any CPU
		{C1B9B3FB-AF1A-43AD-8C11-A8791175B289}.Debug|Mixed Platforms.Build.0 = Debug|Any CPU
		{C1B9B3FB-AF1A-43AD-8C11-A8791175B289}.Debug|x86.ActiveCfg = Debug|Any CPU
		{C1B9B3FB-AF1A-43AD-8C11-A8791175B289}.Release|Any CPU.ActiveCfg = Release|Any CPU
		{C1B9B3FB-AF1A-43AD-8C11-A8791175B289}.Release|Any CPU.Build.0 = Release|Any CPU
		{C1B9B3FB-AF1A-43AD-8C11-A8791175B289}.Release|Mixed Platforms.ActiveCfg = Release|Any CPU
		{C1B9B3FB-AF1A-43AD-8C11-A8791175B289}.Release|Mixed Platforms.Build.0 = Release|Any CPU
		{C1B9B3FB-AF1A-43AD-8C11-A8791175B289}.Release|x86.ActiveCfg = Release|Any CPU
		{D85756A5-0A82-4AAD-9B2F-9B3C2ECFA546}.Debug|Any CPU.ActiveCfg = Debug|x86
		{D85756A5-0A82-4AAD-9B2F-9B3C2ECFA546}.Debug|Any CPU.Build.0 = Debug|x86
		{D85756A5-0A82-4AAD-9B2F-9B3C2ECFA546}.Debug|Mixed Platforms.ActiveCfg = Debug|x86
		{D85756A5-0A82-4AAD-9B2F-9B3C2ECFA546}.Debug|Mixed Platforms.Build.0 = Debug|x86
		{D85756A5-0A82-4AAD-9B2F-9B3C2ECFA546}.Debug|x86.ActiveCfg = Debug|x86
		{D85756A5-0A82-4AAD-9B2F-9B3C2ECFA546}.Debug|x86.Build.0 = Debug|x86
		{D85756A5-0A82-4AAD-9B2F-9B3C2ECFA546}.Release|Any CPU.ActiveCfg = Release|x86
		{D85756A5-0A82-4AAD-9B2F-9B3C2ECFA546}.Release|Mixed Platforms.ActiveCfg = Release|x86
		{D85756A5-0A82-4AAD-9B2F-9B3C2ECFA546}.Release|Mixed Platforms.Build.0 = Release|x86
		{D85756A5-0A82-4AAD-9B2F-9B3C2ECFA546}.Release|x86.ActiveCfg = Release|x86
		{D85756A5-0A82-4AAD-9B2F-9B3C2ECFA546}.Release|x86.Build.0 = Release|x86
		{AC2D48EB-3CCA-46BB-A0F4-28890767F178}.Debug|Any CPU.ActiveCfg = Debug|x86
		{AC2D48EB-3CCA-46BB-A0F4-28890767F178}.Debug|Any CPU.Build.0 = Debug|x86
		{AC2D48EB-3CCA-46BB-A0F4-28890767F178}.Debug|Mixed Platforms.ActiveCfg = Debug|x86
		{AC2D48EB-3CCA-46BB-A0F4-28890767F178}.Debug|Mixed Platforms.Build.0 = Debug|x86
		{AC2D48EB-3CCA-46BB-A0F4-28890767F178}.Debug|x86.ActiveCfg = Debug|x86
		{AC2D48EB-3CCA-46BB-A0F4-28890767F178}.Debug|x86.Build.0 = Debug|x86
		{AC2D48EB-3CCA-46BB-A0F4-28890767F178}.Release|Any CPU.ActiveCfg = Release|x86
		{AC2D48EB-3CCA-46BB-A0F4-28890767F178}.Release|Mixed Platforms.ActiveCfg = Release|x86
		{AC2D48EB-3CCA-46BB-A0F4-28890767F178}.Release|Mixed Platforms.Build.0 = Release|x86
		{AC2D48EB-3CCA-46BB-A0F4-28890767F178}.Release|x86.ActiveCfg = Release|x86
		{AC2D48EB-3CCA-46BB-A0F4-28890767F178}.Release|x86.Build.0 = Release|x86
		{BD319DCA-9D65-4D7B-AAAD-B6A0C2838593}.Debug|Any CPU.ActiveCfg = Debug|Any CPU
		{BD319DCA-9D65-4D7B-AAAD-B6A0C2838593}.Debug|Any CPU.Build.0 = Debug|Any CPU
		{BD319DCA-9D65-4D7B-AAAD-B6A0C2838593}.Debug|Mixed Platforms.ActiveCfg = Debug|Any CPU
		{BD319DCA-9D65-4D7B-AAAD-B6A0C2838593}.Debug|Mixed Platforms.Build.0 = Debug|Any CPU
		{BD319DCA-9D65-4D7B-AAAD-B6A0C2838593}.Debug|x86.ActiveCfg = Debug|Any CPU
		{BD319DCA-9D65-4D7B-AAAD-B6A0C2838593}.Release|Any CPU.ActiveCfg = Release|Any CPU
		{BD319DCA-9D65-4D7B-AAAD-B6A0C2838593}.Release|Any CPU.Build.0 = Release|Any CPU
		{BD319DCA-9D65-4D7B-AAAD-B6A0C2838593}.Release|Mixed Platforms.ActiveCfg = Release|Any CPU
		{BD319DCA-9D65-4D7B-AAAD-B6A0C2838593}.Release|Mixed Platforms.Build.0 = Release|Any CPU
		{BD319DCA-9D65-4D7B-AAAD-B6A0C2838593}.Release|x86.ActiveCfg = Release|Any CPU
	EndGlobalSection
	GlobalSection(SolutionProperties) = preSolution
		HideSolutionNode = FALSE
	EndGlobalSection
	GlobalSection(NestedProjects) = preSolution
		{E40B313E-1001-41D6-825F-F87B3CB68E2F} = {F7C8C93D-0C96-4315-A654-E0E19D78EBF1}
		{D85756A5-0A82-4AAD-9B2F-9B3C2ECFA546} = {F7C8C93D-0C96-4315-A654-E0E19D78EBF1}
		{AC2D48EB-3CCA-46BB-A0F4-28890767F178} = {F7C8C93D-0C96-4315-A654-E0E19D78EBF1}
		{BD319DCA-9D65-4D7B-AAAD-B6A0C2838593} = {F7C8C93D-0C96-4315-A654-E0E19D78EBF1}
	EndGlobalSection
EndGlobal
